
Microsoft Visual Studio Solution File, Format Version 12.00
# Visual Studio Version 17
VisualStudioVersion = 17.3.32825.248
MinimumVisualStudioVersion = 10.0.40219.1
Project("{FAE04EC0-301F-11D3-BF4B-00C04F79EFBC}") = "HelloMVC", "HelloMVC\HelloMVC.csproj", "{9F2B3CA1-F5EE-41A1-B18A-08F11B773EFF}"
EndProject
Project("{FAE04EC0-301F-11D3-BF4B-00C04F79EFBC}") = "HelloMVCTest", "HelloMVCTest\HelloMVCTest.csproj", "{5D400376-2720-44EC-A193-E1245489C5BB}"
EndProject
Global
	GlobalSection(SolutionConfigurationPlatforms) = preSolution
		Debug|Any CPU = Debug|Any CPU
		Release|Any CPU = Release|Any CPU
	EndGlobalSection
	GlobalSection(ProjectConfigurationPlatforms) = postSolution
		{9F2B3CA1-F5EE-41A1-B18A-08F11B773EFF}.Debug|Any CPU.ActiveCfg = Debug|Any CPU
		{9F2B3CA1-F5EE-41A1-B18A-08F11B773EFF}.Debug|Any CPU.Build.0 = Debug|Any CPU
		{9F2B3CA1-F5EE-41A1-B18A-08F11B773EFF}.Release|Any CPU.ActiveCfg = Release|Any CPU
		{9F2B3CA1-F5EE-41A1-B18A-08F11B773EFF}.Release|Any CPU.Build.0 = Release|Any CPU
		{5D400376-2720-44EC-A193-E1245489C5BB}.Debug|Any CPU.ActiveCfg = Debug|Any CPU
		{5D400376-2720-44EC-A193-E1245489C5BB}.Debug|Any CPU.Build.0 = Debug|Any CPU
		{5D400376-2720-44EC-A193-E1245489C5BB}.Release|Any CPU.ActiveCfg = Release|Any CPU
		{5D400376-2720-44EC-A193-E1245489C5BB}.Release|Any CPU.Build.0 = Release|Any CPU
	EndGlobalSection
	GlobalSection(SolutionProperties) = preSolution
		HideSolutionNode = FALSE
	EndGlobalSection
	GlobalSection(ExtensibilityGlobals) = postSolution
		SolutionGuid = {1300D98B-D4FA-4199-A8A9-D95762CD3F20}
	EndGlobalSection
EndGlobal
